[[dependencies]]
name = "@chainlink"
version = "1.2.0"
url = "https://github.com/smartcontractkit/chainlink/archive/c3dc764bba9e1c57b3f7933bcb804a1740fab695.zip"
checksum = "7050515ce90fd3dbac7cb958e960dd22ac85f6d0093bfdec87acc12560edbe3a"
integrity = "327026361885672b88abd3145dc028d1dc549595b6a091cdf37ee67d0c6258f4"

[[dependencies]]
name = "@openzeppelin-contracts"
version = "5.0.2"
url = "https://soldeer-revisions.s3.amazonaws.com/@openzeppelin-contracts/5_0_2_14-03-2024_06:11:59_contracts.zip"
checksum = "8bc4f0acc7c187771b878d46f7de4bfad1acad2eb5d096d9d05d34035853f5c3"
integrity = "55881f6114aa36158566ef52b486d9d96b217c3e47d0e24bbd4994a8cfb5ee7c"

[[dependencies]]
name = "@smardex-usdn-contracts"
version = "1.0.0"
git = "git@github.com:SmarDex-Ecosystem/usdn-contracts.git"
rev = "df398cdf28f3b9a4ec487dc26051ff55ed3bc056"

[[dependencies]]
name = "@uniswap-permit2"
version = "1.0.0"
url = "https://github.com/Uniswap/permit2/archive/cc56ad0f3439c502c246fc5cfcc3db92bb8b7219.zip"
checksum = "180e009e8abfc5ed43383418f2593ac790655b58ec18ae52a92a636d5f298ad4"
integrity = "393047bfd13476671149d98263cf25e3ba7d301ef3f9e83f073c0183ea6b6586"

[[dependencies]]
name = "@uniswap-universal-router"
version = "1.6.0"
url = "https://soldeer-revisions.s3.amazonaws.com/@uniswap-universal-router/1_6_0_22-01-2024_13:15:39_universal-router.zip"
checksum = "94f563c6e7629a3a46c6a69baff7190339eba49acd6c230f32a84969dae1aaff"
integrity = "487bd32d40a5c54aee0ea191ace6027a03fed1449d6aa4548b96a5ea94b89ebb"

[[dependencies]]
name = "@uniswap-v2-core"
version = "1.0.1"
url = "https://soldeer-revisions.s3.amazonaws.com/@uniswap-v2-core/1_0_1_22-01-2024_13:18:30_v2-core.zip"
checksum = "efebb89237048771c19f52d3ce87ec4d0c591279bf1977c49f9e70e5fff530f0"
integrity = "fda4e18a2a0c21eeddd8b6af36439f394e4ff74eb75705409a87b8952c9e2972"

[[dependencies]]
name = "@uniswap-v3-core"
version = "1.0.0"
url = "https://soldeer-revisions.s3.amazonaws.com/@uniswap-v3-core/1_0_0_22-01-2024_13:19:51_v3-core.zip"
checksum = "ba8c723c9e29313d1bec2d3cf924b65d91ee45b3fe279bab69af99734f1ccc9c"
integrity = "1ce3fa3bf8400626453ff239a630a563070d8808808eca030aacb1075e02dfc2"

[[dependencies]]
name = "forge-std"
version = "1.9.2"
url = "https://soldeer-revisions.s3.amazonaws.com/forge-std/1_9_2_06-08-2024_17:31:25_forge-std-1.9.2.zip"
checksum = "20fd008c7c69b6c737cc0284469d1c76497107bc3e004d8381f6d8781cb27980"
integrity = "f49457fb6591f0dfd8b59e02e6eb4508a115ef08a86b0803feb0a3939d82d783"

[[dependencies]]
name = "openzeppelin-contracts"
version = "4.7.0"
url = "https://github.com/OpenZeppelin/openzeppelin-contracts/archive/refs/tags/v4.7.0.zip"
checksum = "7a88a52b70872f3e428e595a03aed77c3323b118338d7256ce57dfc99eeab9e9"
integrity = "40bc5e663f19cf42c5ab0ddfc049ca44d58a9f1236cef417c370af79fa8ac3a7"

[[dependencies]]
name = "solmate"
version = "6.7.0"
url = "https://soldeer-revisions.s3.amazonaws.com/solmate/6_7_0_22-01-2024_13:21:00_solmate.zip"
checksum = "dd0f08cdaaaad1de0ac45993d4959351ba89c2d9325a0b5df5570357064f2c33"
integrity = "ec330877af853f9d34b2b1bf692fb33c9f56450625f5c4abdcf0d3405839730e"
